Microsoft Visual Studio Solution File, Format Version 12.00
# Visual Studio 2012
Project("{FAE04EC0-301F-11D3-BF4B-00C04F79EFBC}") = "Glass Shatter Effect", "Glass Shatter Effect.csproj", "{CB91BC15-E7F8-4740-BE2B-D2652DBB87BF}"
EndProject
Global
	GlobalSection(SolutionConfigurationPlatforms) = preSolution
	Debug|Any CPU = Debug|Any CPU
	ExportDebug|Any CPU = ExportDebug|Any CPU
	ExportRelease|Any CPU = ExportRelease|Any CPU
	EndGlobalSection
	GlobalSection(ProjectConfigurationPlatforms) = postSolution
		{CB91BC15-E7F8-4740-BE2B-D2652DBB87BF}.Debug|Any CPU.ActiveCfg = Debug|Any CPU
		{CB91BC15-E7F8-4740-BE2B-D2652DBB87BF}.Debug|Any CPU.Build.0 = Debug|Any CPU
		{CB91BC15-E7F8-4740-BE2B-D2652DBB87BF}.ExportDebug|Any CPU.ActiveCfg = ExportDebug|Any CPU
		{CB91BC15-E7F8-4740-BE2B-D2652DBB87BF}.ExportDebug|Any CPU.Build.0 = ExportDebug|Any CPU
		{CB91BC15-E7F8-4740-BE2B-D2652DBB87BF}.ExportRelease|Any CPU.ActiveCfg = ExportRelease|Any CPU
		{CB91BC15-E7F8-4740-BE2B-D2652DBB87BF}.ExportRelease|Any CPU.Build.0 = ExportRelease|Any CPU
	EndGlobalSection
EndGlobal
